{
    "name": "node-tgz-downloader",
    "version": "1.0.0",
    "lockfileVersion": 1,
    "dependencies": {
        "bluebird": {
            "version": "3.5.1",
            "resolved": "https://registry.npmjs.org/bluebird/-/bluebird-3.5.1.tgz",
            "integrity": "sha512-MKiLiV+I1AA596t9w1sQJ8jkiSr5+ZKi0WKrYGUn6d1Fx+Ij4tIj+m2WMQSGczs5jZVxV339chE8iwk6F64wjA=="
        },
        "download-file": {
            "version": "0.1.5",
            "resolved": "https://registry.npmjs.org/download-file/-/download-file-0.1.5.tgz",
            "integrity": "sha1-ylC6ZNkJSwyHAu+f/5LSGJ4UERc="
        },
        "lodash": {
            "version": "4.17.4",
            "resolved": "https://registry.npmjs.org/lodash/-/lodash-4.17.4.tgz",
            "integrity": "sha1-eCA6TRwyiuHYbcpkYONptX9AVa4="
        },
        "minimist": {
            "version": "0.0.8",
            "resolved": "https://registry.npmjs.org/minimist/-/minimist-0.0.8.tgz",
            "integrity": "sha1-hX/Kv8M5fSYluCKCYuhqp6ARsF0="
        },
        "mkdirp": {
            "version": "0.5.1",
            "resolved": "https://registry.npmjs.org/mkdirp/-/mkdirp-0.5.1.tgz",
            "integrity": "sha1-MAV0OOrGz3+MR2fzhkjWaX11yQM="
        },
        "punycode": {
            "version": "1.4.1",
            "resolved": "https://registry.npmjs.org/punycode/-/punycode-1.4.1.tgz",
            "integrity": "sha1-wNWmOycYgArY4esPpSachN1BhF4="
        },
        "request-promise": {
            "version": "4.2.2",
            "resolved": "https://registry.npmjs.org/request-promise/-/request-promise-4.2.2.tgz",
            "integrity": "sha1-0epG1lSm7k+O5qT+oQGMIpEZBLQ="
        },
        "request-promise-core": {
            "version": "1.1.1",
            "resolved": "https://registry.npmjs.org/request-promise-core/-/request-promise-core-1.1.1.tgz",
            "integrity": "sha1-Pu4AssWqgyOc+wTFcA2jb4HNCLY="
        },
        "stealthy-require": {
            "version": "1.1.1",
            "resolved": "https://registry.npmjs.org/stealthy-require/-/stealthy-require-1.1.1.tgz",
            "integrity": "sha1-NbCYdbT/SfJqd35QmzCQoyJr8ks="
        },
        "tough-cookie": {
            "version": "2.3.3",
            "resolved": "https://registry.npmjs.org/tough-cookie/-/tough-cookie-2.3.3.tgz",
            "integrity": "sha1-C2GKVWW23qkL80JdBNVe3EdadWE="
        }
    }
}
